// !$*UTF8*$!
{
	archiveVersion = 1;
	classes = {
	};
	objectVersion = 55;
	objects = {

/* Begin PBXBuildFile section */
		769F4BF02705242700F8DA26 /* CustomParseableFormatStyleDemoTests.swift in Sources */ = {isa = PBXBuildFile; fileRef = 769F4BEF2705242700F8DA26 /* CustomParseableFormatStyleDemoTests.swift */; };
		76B0CDDD2704917C005E2B94 /* CustomParseableFormatStyleDemoApp.swift in Sources */ = {isa = PBXBuildFile; fileRef = 76B0CDDC2704917C005E2B94 /* CustomParseableFormatStyleDemoApp.swift */; };
		76B0CDDF2704917C005E2B94 /* ContentView.swift in Sources */ = {isa = PBXBuildFile; fileRef = 76B0CDDE2704917C005E2B94 /* ContentView.swift */; };
		76B0CDE12704917D005E2B94 /* Assets.xcassets in Resources */ = {isa = PBXBuildFile; fileRef = 76B0CDE02704917D005E2B94 /* Assets.xcassets */; };
		76B0CDE42704917D005E2B94 /* Preview Assets.xcassets in Resources */ = {isa = PBXBuildFile; fileRef = 76B0CDE32704917D005E2B94 /* Preview Assets.xcassets */; };
		76B0CDEB270491A1005E2B94 /* UIColorFormatStyle.swift in Sources */ = {isa = PBXBuildFile; fileRef = 76B0CDEA270491A1005E2B94 /* UIColorFormatStyle.swift */; };
		76B0CDEE270491ED005E2B94 /* AttributedFormatStyle.swift in Sources */ = {isa = PBXBuildFile; fileRef = 76B0CDED270491ED005E2B94 /* AttributedFormatStyle.swift */; };
		76B0CDF02704920C005E2B94 /* UIColorParseStrategy.swift in Sources */ = {isa = PBXBuildFile; fileRef = 76B0CDEF2704920C005E2B94 /* UIColorParseStrategy.swift */; };
		76B0CDF227049224005E2B94 /* UIColor++.swift in Sources */ = {isa = PBXBuildFile; fileRef = 76B0CDF127049224005E2B94 /* UIColor++.swift */; };
		76B0CDF427049238005E2B94 /* FormatStyle++.swift in Sources */ = {isa = PBXBuildFile; fileRef = 76B0CDF327049238005E2B94 /* FormatStyle++.swift */; };
		76B0CDF62704924C005E2B94 /* AttributedStringKey.swift in Sources */ = {isa = PBXBuildFile; fileRef = 76B0CDF52704924C005E2B94 /* AttributedStringKey.swift */; };
		76B0CDF9270492F8005E2B94 /* Localizable.strings in Resources */ = {isa = PBXBuildFile; fileRef = 76B0CDFB270492F8005E2B94 /* Localizable.strings */; };
/* End PBXBuildFile section */

/* Begin PBXContainerItemProxy section */
		769F4BF12705242700F8DA26 /* PBXContainerItemProxy */ = {
			isa = PBXContainerItemProxy;
			containerPortal = 76B0CDD12704917C005E2B94 /* Project object */;
			proxyType = 1;
			remoteGlobalIDString = 76B0CDD82704917C005E2B94;
			remoteInfo = CustomParseableFormatStyleDemo;
		};
/* End PBXContainerItemProxy section */

/* Begin PBXFileReference section */
		7656619F270A66E200AE5B8F /* en */ = {isa = PBXFileReference; lastKnownFileType = text.plist.strings; name = en; path = en.lproj/Localizable.strings; sourceTree = "<group>"; };
		769F4BED2705242700F8DA26 /* CustomParseableFormatStyleDemoTests.xctest */ = {isa = PBXFileReference; explicitFileType = wrapper.cfbundle; includeInIndex = 0; path = CustomParseableFormatStyleDemoTests.xctest; sourceTree = BUILT_PRODUCTS_DIR; };
		769F4BEF2705242700F8DA26 /* CustomParseableFormatStyleDemoTests.swift */ = {isa = PBXFileReference; lastKnownFileType = sourcecode.swift; path = CustomParseableFormatStyleDemoTests.swift; sourceTree = "<group>"; };
		769F4BF62705252400F8DA26 /* README.md */ = {isa = PBXFileReference; lastKnownFileType = net.daringfireball.markdown; path = README.md; sourceTree = "<group>"; };
		76B0CDD92704917C005E2B94 /* CustomParseableFormatStyleDemo.app */ = {isa = PBXFileReference; explicitFileType = wrapper.application; includeInIndex = 0; path = CustomParseableFormatStyleDemo.app; sourceTree = BUILT_PRODUCTS_DIR; };
		76B0CDDC2704917C005E2B94 /* CustomParseableFormatStyleDemoApp.swift */ = {isa = PBXFileReference; lastKnownFileType = sourcecode.swift; path = CustomParseableFormatStyleDemoApp.swift; sourceTree = "<group>"; };
		76B0CDDE2704917C005E2B94 /* ContentView.swift */ = {isa = PBXFileReference; lastKnownFileType = sourcecode.swift; path = ContentView.swift; sourceTree = "<group>"; };
		76B0CDE02704917D005E2B94 /* Assets.xcassets */ = {isa = PBXFileReference; lastKnownFileType = folder.assetcatalog; path = Assets.xcassets; sourceTree = "<group>"; };
		76B0CDE32704917D005E2B94 /* Preview Assets.xcassets */ = {isa = PBXFileReference; lastKnownFileType = folder.assetcatalog; path = "Preview Assets.xcassets"; sourceTree = "<group>"; };
		76B0CDEA270491A1005E2B94 /* UIColorFormatStyle.swift */ = {isa = PBXFileReference; lastKnownFileType = sourcecode.swift; path = UIColorFormatStyle.swift; sourceTree = "<group>"; };
		76B0CDED270491ED005E2B94 /* AttributedFormatStyle.swift */ = {isa = PBXFileReference; lastKnownFileType = sourcecode.swift; path = AttributedFormatStyle.swift; sourceTree = "<group>"; };
		76B0CDEF2704920C005E2B94 /* UIColorParseStrategy.swift */ = {isa = PBXFileReference; lastKnownFileType = sourcecode.swift; path = UIColorParseStrategy.swift; sourceTree = "<group>"; };
		76B0CDF127049224005E2B94 /* UIColor++.swift */ = {isa = PBXFileReference; lastKnownFileType = sourcecode.swift; path = "UIColor++.swift"; sourceTree = "<group>"; };
		76B0CDF327049238005E2B94 /* FormatStyle++.swift */ = {isa = PBXFileReference; lastKnownFileType = sourcecode.swift; path = "FormatStyle++.swift"; sourceTree = "<group>"; };
		76B0CDF52704924C005E2B94 /* AttributedStringKey.swift */ = {isa = PBXFileReference; lastKnownFileType = sourcecode.swift; path = AttributedStringKey.swift; sourceTree = "<group>"; };
		76B0CDFC270492FA005E2B94 /* zh-Hans */ = {isa = PBXFileReference; lastKnownFileType = text.plist.strings; name = "zh-Hans"; path = "zh-Hans.lproj/Localizable.strings"; sourceTree = "<group>"; };
/* End PBXFileReference section */

/* Begin PBXFrameworksBuildPhase section */
		769F4BEA2705242700F8DA26 /* Frameworks */ = {
			isa = PBXFrameworksBuildPhase;
			buildActionMask = 2147483647;
			files = (
			);
			runOnlyForDeploymentPostprocessing = 0;
		};
		76B0CDD62704917C005E2B94 /* Frameworks */ = {
			isa = PBXFrameworksBuildPhase;
			buildActionMask = 2147483647;
			files = (
			);
			runOnlyForDeploymentPostprocessing = 0;
		};
/* End PBXFrameworksBuildPhase section */

/* Begin PBXGroup section */
		769F4BEE2705242700F8DA26 /* CustomParseableFormatStyleDemoTests */ = {
			isa = PBXGroup;
			children = (
				769F4BEF2705242700F8DA26 /* CustomParseableFormatStyleDemoTests.swift */,
			);
			path = CustomParseableFormatStyleDemoTests;
			sourceTree = "<group>";
		};
		76B0CDD02704917C005E2B94 = {
			isa = PBXGroup;
			children = (
				769F4BF62705252400F8DA26 /* README.md */,
				76B0CDDB2704917C005E2B94 /* CustomParseableFormatStyleDemo */,
				769F4BEE2705242700F8DA26 /* CustomParseableFormatStyleDemoTests */,
				76B0CDDA2704917C005E2B94 /* Products */,
			);
			sourceTree = "<group>";
		};
		76B0CDDA2704917C005E2B94 /* Products */ = {
			isa = PBXGroup;
			children = (
				76B0CDD92704917C005E2B94 /* CustomParseableFormatStyleDemo.app */,
				769F4BED2705242700F8DA26 /* CustomParseableFormatStyleDemoTests.xctest */,
			);
			name = Products;
			sourceTree = "<group>";
		};
		76B0CDDB2704917C005E2B94 /* CustomParseableFormatStyleDemo */ = {
			isa = PBXGroup;
			children = (
				76B0CDDC2704917C005E2B94 /* CustomParseableFormatStyleDemoApp.swift */,
				76B0CDDE2704917C005E2B94 /* ContentView.swift */,
				76B0CDEC270491A5005E2B94 /* FormatStyle */,
				76B0CDE02704917D005E2B94 /* Assets.xcassets */,
				76B0CDE22704917D005E2B94 /* Preview Content */,
				76B0CDFB270492F8005E2B94 /* Localizable.strings */,
			);
			path = CustomParseableFormatStyleDemo;
			sourceTree = "<group>";
		};
		76B0CDE22704917D005E2B94 /* Preview Content */ = {
			isa = PBXGroup;
			children = (
				76B0CDE32704917D005E2B94 /* Preview Assets.xcassets */,
			);
			path = "Preview Content";
			sourceTree = "<group>";
		};
		76B0CDEC270491A5005E2B94 /* FormatStyle */ = {
			isa = PBXGroup;
			children = (
				76B0CDEA270491A1005E2B94 /* UIColorFormatStyle.swift */,
				76B0CDED270491ED005E2B94 /* AttributedFormatStyle.swift */,
				76B0CDEF2704920C005E2B94 /* UIColorParseStrategy.swift */,
				76B0CDF127049224005E2B94 /* UIColor++.swift */,
				76B0CDF327049238005E2B94 /* FormatStyle++.swift */,
				76B0CDF52704924C005E2B94 /* AttributedStringKey.swift */,
			);
			path = FormatStyle;
			sourceTree = "<group>";
		};
/* End PBXGroup section */

/* Begin PBXNativeTarget section */
		769F4BEC2705242700F8DA26 /* CustomParseableFormatStyleDemoTests */ = {
			isa = PBXNativeTarget;
			buildConfigurationList = 769F4BF52705242700F8DA26 /* Build configuration list for PBXNativeTarget "CustomParseableFormatStyleDemoTests" */;
			buildPhases = (
				769F4BE92705242700F8DA26 /* Sources */,
				769F4BEA2705242700F8DA26 /* Frameworks */,
				769F4BEB2705242700F8DA26 /* Resources */,
			);
			buildRules = (
			);
			dependencies = (
				769F4BF22705242700F8DA26 /* PBXTargetDependency */,
			);
			name = CustomParseableFormatStyleDemoTests;
			productName = CustomParseableFormatStyleDemoTests;
			productReference = 769F4BED2705242700F8DA26 /* CustomParseableFormatStyleDemoTests.xctest */;
			productType = "com.apple.product-type.bundle.unit-test";
		};
		76B0CDD82704917C005E2B94 /* CustomParseableFormatStyleDemo */ = {
			isa = PBXNativeTarget;
			buildConfigurationList = 76B0CDE72704917D005E2B94 /* Build configuration list for PBXNativeTarget "CustomParseableFormatStyleDemo" */;
			buildPhases = (
				76B0CDD52704917C005E2B94 /* Sources */,
				76B0CDD62704917C005E2B94 /* Frameworks */,
				76B0CDD72704917C005E2B94 /* Resources */,
			);
			buildRules = (
			);
			dependencies = (
			);
			name = CustomParseableFormatStyleDemo;
			productName = CustomParseableFormatStyleDemo;
			productReference = 76B0CDD92704917C005E2B94 /* CustomParseableFormatStyleDemo.app */;
			productType = "com.apple.product-type.application";
		};
/* End PBXNativeTarget section */

/* Begin PBXProject section */
		76B0CDD12704917C005E2B94 /* Project object */ = {
			isa = PBXProject;
			attributes = {
				BuildIndependentTargetsInParallel = 1;
				LastSwiftUpdateCheck = 1300;
				LastUpgradeCheck = 1300;
				TargetAttributes = {
					769F4BEC2705242700F8DA26 = {
						CreatedOnToolsVersion = 13.0;
						TestTargetID = 76B0CDD82704917C005E2B94;
					};
					76B0CDD82704917C005E2B94 = {
						CreatedOnToolsVersion = 13.0;
					};
				};
			};
			buildConfigurationList = 76B0CDD42704917C005E2B94 /* Build configuration list for PBXProject "CustomParseableFormatStyleDemo" */;
			compatibilityVersion = "Xcode 13.0";
			developmentRegion = en;
			hasScannedForEncodings = 0;
			knownRegions = (
				en,
				Base,
				"zh-Hans",
			);
			mainGroup = 76B0CDD02704917C005E2B94;
			productRefGroup = 76B0CDDA2704917C005E2B94 /* Products */;
			projectDirPath = "";
			projectRoot = "";
			targets = (
				76B0CDD82704917C005E2B94 /* CustomParseableFormatStyleDemo */,
				769F4BEC2705242700F8DA26 /* CustomParseableFormatStyleDemoTests */,
			);
		};
/* End PBXProject section */

/* Begin PBXResourcesBuildPhase section */
		769F4BEB2705242700F8DA26 /* Resources */ = {
			isa = PBXResourcesBuildPhase;
			buildActionMask = 2147483647;
			files = (
			);
			runOnlyForDeploymentPostprocessing = 0;
		};
		76B0CDD72704917C005E2B94 /* Resources */ = {
			isa = PBXResourcesBuildPhase;
			buildActionMask = 2147483647;
			files = (
				76B0CDE42704917D005E2B94 /* Preview Assets.xcassets in Resources */,
				76B0CDF9270492F8005E2B94 /* Localizable.strings in Resources */,
				76B0CDE12704917D005E2B94 /* Assets.xcassets in Resources */,
			);
			runOnlyForDeploymentPostprocessing = 0;
		};
/* End PBXResourcesBuildPhase section */

/* Begin PBXSourcesBuildPhase section */
		769F4BE92705242700F8DA26 /* Sources */ = {
			isa = PBXSourcesBuildPhase;
			buildActionMask = 2147483647;
			files = (
				769F4BF02705242700F8DA26 /* CustomParseableFormatStyleDemoTests.swift in Sources */,
			);
			runOnlyForDeploymentPostprocessing = 0;
		};
		76B0CDD52704917C005E2B94 /* Sources */ = {
			isa = PBXSourcesBuildPhase;
			buildActionMask = 2147483647;
			files = (
				76B0CDF02704920C005E2B94 /* UIColorParseStrategy.swift in Sources */,
				76B0CDEE270491ED005E2B94 /* AttributedFormatStyle.swift in Sources */,
				76B0CDEB270491A1005E2B94 /* UIColorFormatStyle.swift in Sources */,
				76B0CDDF2704917C005E2B94 /* ContentView.swift in Sources */,
				76B0CDDD2704917C005E2B94 /* CustomParseableFormatStyleDemoApp.swift in Sources */,
				76B0CDF227049224005E2B94 /* UIColor++.swift in Sources */,
				76B0CDF427049238005E2B94 /* FormatStyle++.swift in Sources */,
				76B0CDF62704924C005E2B94 /* AttributedStringKey.swift in Sources */,
			);
			runOnlyForDeploymentPostprocessing = 0;
		};
/* End PBXSourcesBuildPhase section */

/* Begin PBXTargetDependency section */
		769F4BF22705242700F8DA26 /* PBXTargetDependency */ = {
			isa = PBXTargetDependency;
			target = 76B0CDD82704917C005E2B94 /* CustomParseableFormatStyleDemo */;
			targetProxy = 769F4BF12705242700F8DA26 /* PBXContainerItemProxy */;
		};
/* End PBXTargetDependency section */

/* Begin PBXVariantGroup section */
		76B0CDFB270492F8005E2B94 /* Localizable.strings */ = {
			isa = PBXVariantGroup;
			children = (
				76B0CDFC270492FA005E2B94 /* zh-Hans */,
				7656619F270A66E200AE5B8F /* en */,
			);
			name = Localizable.strings;
			sourceTree = "<group>";
		};
/* End PBXVariantGroup section */

/* Begin XCBuildConfiguration section */
		769F4BF32705242700F8DA26 /* Debug */ = {
			isa = XCBuildConfiguration;
			buildSettings = {
				BUNDLE_LOADER = "$(TEST_HOST)";
				CODE_SIGN_STYLE = Automatic;
				CURRENT_PROJECT_VERSION = 1;
				DEVELOPMENT_TEAM = VFBLFL665K;
				GENERATE_INFOPLIST_FILE = YES;
				LD_RUNPATH_SEARCH_PATHS = (
					"$(inherited)",
					"@executable_path/Frameworks",
					"@loader_path/Frameworks",
				);
				MARKETING_VERSION = 1.0;
				PRODUCT_BUNDLE_IDENTIFIER = com.fatbobman.CustomParseableFormatStyleDemoTests;
				PRODUCT_NAME = "$(TARGET_NAME)";
				SWIFT_EMIT_LOC_STRINGS = NO;
				SWIFT_VERSION = 5.0;
				TARGETED_DEVICE_FAMILY = "1,2";
				TEST_HOST = "$(BUILT_PRODUCTS_DIR)/CustomParseableFormatStyleDemo.app/CustomParseableFormatStyleDemo";
			};
			name = Debug;
		};
		769F4BF42705242700F8DA26 /* Release */ = {
			isa = XCBuildConfiguration;
			buildSettings = {
				BUNDLE_LOADER = "$(TEST_HOST)";
				CODE_SIGN_STYLE = Automatic;
				CURRENT_PROJECT_VERSION = 1;
				DEVELOPMENT_TEAM = VFBLFL665K;
				GENERATE_INFOPLIST_FILE = YES;
				LD_RUNPATH_SEARCH_PATHS = (
					"$(inherited)",
					"@executable_path/Frameworks",
					"@loader_path/Frameworks",
				);
				MARKETING_VERSION = 1.0;
				PRODUCT_BUNDLE_IDENTIFIER = com.fatbobman.CustomParseableFormatStyleDemoTests;
				PRODUCT_NAME = "$(TARGET_NAME)";
				SWIFT_EMIT_LOC_STRINGS = NO;
				SWIFT_VERSION = 5.0;
				TARGETED_DEVICE_FAMILY = "1,2";
				TEST_HOST = "$(BUILT_PRODUCTS_DIR)/CustomParseableFormatStyleDemo.app/CustomParseableFormatStyleDemo";
			};
			name = Release;
		};
		76B0CDE52704917D005E2B94 /* Debug */ = {
			isa = XCBuildConfiguration;
			buildSettings = {
				ALWAYS_SEARCH_USER_PATHS = NO;
				CLANG_ANALYZER_NONNULL = YES;
				CLANG_ANALYZER_NUMBER_OBJECT_CONVERSION = YES_AGGRESSIVE;
				CLANG_CXX_LANGUAGE_STANDARD = "gnu++17";
				CLANG_CXX_LIBRARY = "libc++";
				CLANG_ENABLE_MODULES = YES;
				CLANG_ENABLE_OBJC_ARC = YES;
				CLANG_ENABLE_OBJC_WEAK = YES;
				CLANG_WARN_BLOCK_CAPTURE_AUTORELEASING = YES;
				CLANG_WARN_BOOL_CONVERSION = YES;
				CLANG_WARN_COMMA = YES;
				CLANG_WARN_CONSTANT_CONVERSION = YES;
				CLANG_WARN_DEPRECATED_OBJC_IMPLEMENTATIONS = YES;
				CLANG_WARN_DIRECT_OBJC_ISA_USAGE = YES_ERROR;
				CLANG_WARN_DOCUMENTATION_COMMENTS = YES;
				CLANG_WARN_EMPTY_BODY = YES;
				CLANG_WARN_ENUM_CONVERSION = YES;
				CLANG_WARN_INFINITE_RECURSION = YES;
				CLANG_WARN_INT_CONVERSION = YES;
				CLANG_WARN_NON_LITERAL_NULL_CONVERSION = YES;
				CLANG_WARN_OBJC_IMPLICIT_RETAIN_SELF = YES;
				CLANG_WARN_OBJC_LITERAL_CONVERSION = YES;
				CLANG_WARN_OBJC_ROOT_CLASS = YES_ERROR;
				CLANG_WARN_QUOTED_INCLUDE_IN_FRAMEWORK_HEADER = YES;
				CLANG_WARN_RANGE_LOOP_ANALYSIS = YES;
				CLANG_WARN_STRICT_PROTOTYPES = YES;
				CLANG_WARN_SUSPICIOUS_MOVE = YES;
				CLANG_WARN_UNGUARDED_AVAILABILITY = YES_AGGRESSIVE;
				CLANG_WARN_UNREACHABLE_CODE = YES;
				CLANG_WARN__DUPLICATE_METHOD_MATCH = YES;
				COPY_PHASE_STRIP = NO;
				DEBUG_INFORMATION_FORMAT = dwarf;
				ENABLE_STRICT_OBJC_MSGSEND = YES;
				ENABLE_TESTABILITY = YES;
				GCC_C_LANGUAGE_STANDARD = gnu11;
				GCC_DYNAMIC_NO_PIC = NO;
				GCC_NO_COMMON_BLOCKS = YES;
				GCC_OPTIMIZATION_LEVEL = 0;
				GCC_PREPROCESSOR_DEFINITIONS = (
					"DEBUG=1",
					"$(inherited)",
				);
				GCC_WARN_64_TO_32_BIT_CONVERSION = YES;
				GCC_WARN_ABOUT_RETURN_TYPE = YES_ERROR;
				GCC_WARN_UNDECLARED_SELECTOR = YES;
				GCC_WARN_UNINITIALIZED_AUTOS = YES_AGGRESSIVE;
				GCC_WARN_UNUSED_FUNCTION = YES;
				GCC_WARN_UNUSED_VARIABLE = YES;
				IPHONEOS_DEPLOYMENT_TARGET = 15.0;
				MTL_ENABLE_DEBUG_INFO = INCLUDE_SOURCE;
				MTL_FAST_MATH = YES;
				ONLY_ACTIVE_ARCH = YES;
				SDKROOT = iphoneos;
				SWIFT_ACTIVE_COMPILATION_CONDITIONS = DEBUG;
				SWIFT_OPTIMIZATION_LEVEL = "-Onone";
			};
			name = Debug;
		};
		76B0CDE62704917D005E2B94 /* Release */ = {
			isa = XCBuildConfiguration;
			buildSettings = {
				ALWAYS_SEARCH_USER_PATHS = NO;
				CLANG_ANALYZER_NONNULL = YES;
				CLANG_ANALYZER_NUMBER_OBJECT_CONVERSION = YES_AGGRESSIVE;
				CLANG_CXX_LANGUAGE_STANDARD = "gnu++17";
				CLANG_CXX_LIBRARY = "libc++";
				CLANG_ENABLE_MODULES = YES;
				CLANG_ENABLE_OBJC_ARC = YES;
				CLANG_ENABLE_OBJC_WEAK = YES;
				CLANG_WARN_BLOCK_CAPTURE_AUTORELEASING = YES;
				CLANG_WARN_BOOL_CONVERSION = YES;
				CLANG_WARN_COMMA = YES;
				CLANG_WARN_CONSTANT_CONVERSION = YES;
				CLANG_WARN_DEPRECATED_OBJC_IMPLEMENTATIONS = YES;
				CLANG_WARN_DIRECT_OBJC_ISA_USAGE = YES_ERROR;
				CLANG_WARN_DOCUMENTATION_COMMENTS = YES;
				CLANG_WARN_EMPTY_BODY = YES;
				CLANG_WARN_ENUM_CONVERSION = YES;
				CLANG_WARN_INFINITE_RECURSION = YES;
				CLANG_WARN_INT_CONVERSION = YES;
				CLANG_WARN_NON_LITERAL_NULL_CONVERSION = YES;
				CLANG_WARN_OBJC_IMPLICIT_RETAIN_SELF = YES;
				CLANG_WARN_OBJC_LITERAL_CONVERSION = YES;
				CLANG_WARN_OBJC_ROOT_CLASS = YES_ERROR;
				CLANG_WARN_QUOTED_INCLUDE_IN_FRAMEWORK_HEADER = YES;
				CLANG_WARN_RANGE_LOOP_ANALYSIS = YES;
				CLANG_WARN_STRICT_PROTOTYPES = YES;
				CLANG_WARN_SUSPICIOUS_MOVE = YES;
				CLANG_WARN_UNGUARDED_AVAILABILITY = YES_AGGRESSIVE;
				CLANG_WARN_UNREACHABLE_CODE = YES;
				CLANG_WARN__DUPLICATE_METHOD_MATCH = YES;
				COPY_PHASE_STRIP = NO;
				DEBUG_INFORMATION_FORMAT = "dwarf-with-dsym";
				ENABLE_NS_ASSERTIONS = NO;
				ENABLE_STRICT_OBJC_MSGSEND = YES;
				GCC_C_LANGUAGE_STANDARD = gnu11;
				GCC_NO_COMMON_BLOCKS = YES;
				GCC_WARN_64_TO_32_BIT_CONVERSION = YES;
				GCC_WARN_ABOUT_RETURN_TYPE = YES_ERROR;
				GCC_WARN_UNDECLARED_SELECTOR = YES;
				GCC_WARN_UNINITIALIZED_AUTOS = YES_AGGRESSIVE;
				GCC_WARN_UNUSED_FUNCTION = YES;
				GCC_WARN_UNUSED_VARIABLE = YES;
				IPHONEOS_DEPLOYMENT_TARGET = 15.0;
				MTL_ENABLE_DEBUG_INFO = NO;
				MTL_FAST_MATH = YES;
				SDKROOT = iphoneos;
				SWIFT_COMPILATION_MODE = wholemodule;
				SWIFT_OPTIMIZATION_LEVEL = "-O";
				VALIDATE_PRODUCT = YES;
			};
			name = Release;
		};
		76B0CDE82704917D005E2B94 /* Debug */ = {
			isa = XCBuildConfiguration;
			buildSettings = {
				ASSETCATALOG_COMPILER_APPICON_NAME = AppIcon;
				ASSETCATALOG_COMPILER_GLOBAL_ACCENT_COLOR_NAME = AccentColor;
				CODE_SIGN_STYLE = Automatic;
				CURRENT_PROJECT_VERSION = 1;
				DEVELOPMENT_ASSET_PATHS = "\"CustomParseableFormatStyleDemo/Preview Content\"";
				DEVELOPMENT_TEAM = VFBLFL665K;
				ENABLE_PREVIEWS = YES;
				GENERATE_INFOPLIST_FILE = YES;
				INFOPLIST_KEY_UIApplicationSceneManifest_Generation = YES;
				INFOPLIST_KEY_UIApplicationSupportsIndirectInputEvents = YES;
				INFOPLIST_KEY_UILaunchScreen_Generation = YES;
				INFOPLIST_KEY_UISupportedInterfaceOrientations_iPad = "UIInterfaceOrientationPortrait UIInterfaceOrientationPortraitUpsideDown UIInterfaceOrientationLandscapeLeft UIInterfaceOrientationLandscapeRight";
				INFOPLIST_KEY_UISupportedInterfaceOrientations_iPhone = "UIInterfaceOrientationPortrait UIInterfaceOrientationLandscapeLeft UIInterfaceOrientationLandscapeRight";
				IPHONEOS_DEPLOYMENT_TARGET = 15.0;
				LD_RUNPATH_SEARCH_PATHS = (
					"$(inherited)",
					"@executable_path/Frameworks",
				);
				MARKETING_VERSION = 1.0;
				PRODUCT_BUNDLE_IDENTIFIER = com.fatbobman.CustomParseableFormatStyleDemo;
				PRODUCT_NAME = "$(TARGET_NAME)";
				SWIFT_EMIT_LOC_STRINGS = YES;
				SWIFT_VERSION = 5.0;
				TARGETED_DEVICE_FAMILY = "1,2";
			};
			name = Debug;
		};
		76B0CDE92704917D005E2B94 /* Release */ = {
			isa = XCBuildConfiguration;
			buildSettings = {
				ASSETCATALOG_COMPILER_APPICON_NAME = AppIcon;
				ASSETCATALOG_COMPILER_GLOBAL_ACCENT_COLOR_NAME = AccentColor;
				CODE_SIGN_STYLE = Automatic;
				CURRENT_PROJECT_VERSION = 1;
				DEVELOPMENT_ASSET_PATHS = "\"CustomParseableFormatStyleDemo/Preview Content\"";
				DEVELOPMENT_TEAM = VFBLFL665K;
				ENABLE_PREVIEWS = YES;
				GENERATE_INFOPLIST_FILE = YES;
				INFOPLIST_KEY_UIApplicationSceneManifest_Generation = YES;
				INFOPLIST_KEY_UIApplicationSupportsIndirectInputEvents = YES;
				INFOPLIST_KEY_UILaunchScreen_Generation = YES;
				INFOPLIST_KEY_UISupportedInterfaceOrientations_iPad = "UIInterfaceOrientationPortrait UIInterfaceOrientationPortraitUpsideDown UIInterfaceOrientationLandscapeLeft UIInterfaceOrientationLandscapeRight";
				INFOPLIST_KEY_UISupportedInterfaceOrientations_iPhone = "UIInterfaceOrientationPortrait UIInterfaceOrientationLandscapeLeft UIInterfaceOrientationLandscapeRight";
				IPHONEOS_DEPLOYMENT_TARGET = 15.0;
				LD_RUNPATH_SEARCH_PATHS = (
					"$(inherited)",
					"@executable_path/Frameworks",
				);
				MARKETING_VERSION = 1.0;
				PRODUCT_BUNDLE_IDENTIFIER = com.fatbobman.CustomParseableFormatStyleDemo;
				PRODUCT_NAME = "$(TARGET_NAME)";
				SWIFT_EMIT_LOC_STRINGS = YES;
				SWIFT_VERSION = 5.0;
				TARGETED_DEVICE_FAMILY = "1,2";
			};
			name = Release;
		};
/* End XCBuildConfiguration section */

/* Begin XCConfigurationList section */
		769F4BF52705242700F8DA26 /* Build configuration list for PBXNativeTarget "CustomParseableFormatStyleDemoTests" */ = {
			isa = XCConfigurationList;
			buildConfigurations = (
				769F4BF32705242700F8DA26 /* Debug */,
				769F4BF42705242700F8DA26 /* Release */,
			);
			defaultConfigurationIsVisible = 0;
			defaultConfigurationName = Release;
		};
		76B0CDD42704917C005E2B94 /* Build configuration list for PBXProject "CustomParseableFormatStyleDemo" */ = {
			isa = XCConfigurationList;
			buildConfigurations = (
				76B0CDE52704917D005E2B94 /* Debug */,
				76B0CDE62704917D005E2B94 /* Release */,
			);
			defaultConfigurationIsVisible = 0;
			defaultConfigurationName = Release;
		};
		76B0CDE72704917D005E2B94 /* Build configuration list for PBXNativeTarget "CustomParseableFormatStyleDemo" */ = {
			isa = XCConfigurationList;
			buildConfigurations = (
				76B0CDE82704917D005E2B94 /* Debug */,
				76B0CDE92704917D005E2B94 /* Release */,
			);
			defaultConfigurationIsVisible = 0;
			defaultConfigurationName = Release;
		};
/* End XCConfigurationList section */
	};
	rootObject = 76B0CDD12704917C005E2B94 /* Project object */;
}
